
Microsoft Visual Studio Solution File, Format Version 12.00
# Visual Studio 2013
VisualStudioVersion = 12.0.31101.0
MinimumVisualStudioVersion = 10.0.40219.1
Project("{FAE04EC0-301F-11D3-BF4B-00C04F79EFBC}") = "TddUnitTesting", "TddUnitTesting\TddUnitTesting.csproj", "{2CA958E2-4D17-49E2-8B11-9510D4003EB3}"
EndProject
Project("{FAE04EC0-301F-11D3-BF4B-00C04F79EFBC}") = "TestClassLibrary", "TestClassLibrary\TestClassLibrary.csproj", "{464F9130-0F8A-4D55-82BB-EB63DC9AE08A}"
EndProject
Global
	GlobalSection(SolutionConfigurationPlatforms) = preSolution
		Debug|Any CPU = Debug|Any CPU
		Release|Any CPU = Release|Any CPU
	EndGlobalSection
	GlobalSection(ProjectConfigurationPlatforms) = postSolution
		{2CA958E2-4D17-49E2-8B11-9510D4003EB3}.Debug|Any CPU.ActiveCfg = Debug|Any CPU
		{2CA958E2-4D17-49E2-8B11-9510D4003EB3}.Debug|Any CPU.Build.0 = Debug|Any CPU
		{2CA958E2-4D17-49E2-8B11-9510D4003EB3}.Release|Any CPU.ActiveCfg = Release|Any CPU
		{2CA958E2-4D17-49E2-8B11-9510D4003EB3}.Release|Any CPU.Build.0 = Release|Any CPU
		{464F9130-0F8A-4D55-82BB-EB63DC9AE08A}.Debug|Any CPU.ActiveCfg = Debug|Any CPU
		{464F9130-0F8A-4D55-82BB-EB63DC9AE08A}.Debug|Any CPU.Build.0 = Debug|Any CPU
		{464F9130-0F8A-4D55-82BB-EB63DC9AE08A}.Release|Any CPU.ActiveCfg = Release|Any CPU
		{464F9130-0F8A-4D55-82BB-EB63DC9AE08A}.Release|Any CPU.Build.0 = Release|Any CPU
	EndGlobalSection
	GlobalSection(SolutionProperties) = preSolution
		HideSolutionNode = FALSE
	EndGlobalSection
EndGlobal
